
Microsoft Visual Studio Solution File, Format Version 12.00
# Visual Studio Version 17
VisualStudioVersion = 17.6.33723.286
MinimumVisualStudioVersion = 10.0.40219.1
Project("{9A19103F-16F7-4668-BE54-9A1E7A4F7556}") = "WeatherForcastApp.Web", "WeatherForcastApp.Web\WeatherForcastApp.Web.csproj", "{9ECCBA17-E97E-47F5-B41E-B8FECE7A5C73}"
EndProject
Global
	GlobalSection(SolutionConfigurationPlatforms) = preSolution
		Debug|Any CPU = Debug|Any CPU
		Release|Any CPU = Release|Any CPU
	EndGlobalSection
	GlobalSection(ProjectConfigurationPlatforms) = postSolution
		{9ECCBA17-E97E-47F5-B41E-B8FECE7A5C73}.Debug|Any CPU.ActiveCfg = Debug|Any CPU
		{9ECCBA17-E97E-47F5-B41E-B8FECE7A5C73}.Debug|Any CPU.Build.0 = Debug|Any CPU
		{9ECCBA17-E97E-47F5-B41E-B8FECE7A5C73}.Release|Any CPU.ActiveCfg = Release|Any CPU
		{9ECCBA17-E97E-47F5-B41E-B8FECE7A5C73}.Release|Any CPU.Build.0 = Release|Any CPU
	EndGlobalSection
	GlobalSection(SolutionProperties) = preSolution
		HideSolutionNode = FALSE
	EndGlobalSection
	GlobalSection(ExtensibilityGlobals) = postSolution
		SolutionGuid = {F57E90FE-6636-489E-AB86-46A5AE6F115B}
	EndGlobalSection
EndGlobal
